
Microsoft Visual Studio Solution File, Format Version 12.00
# Visual Studio Version 16
VisualStudioVersion = 16.0.31515.178
MinimumVisualStudioVersion = 10.0.40219.1
Project("{9A19103F-16F7-4668-BE54-9A1E7A4F7556}") = "Encapsulation", "Encapsulation\Encapsulation.csproj", "{96468A36-F0CA-4615-810A-17C70930CA16}"
EndProject
Project("{9A19103F-16F7-4668-BE54-9A1E7A4F7556}") = "PersonsInfo", "PersonsInfo\PersonsInfo.csproj", "{3250DCBB-1C80-41F0-9495-409A77CA7984}"
EndProject
Project("{9A19103F-16F7-4668-BE54-9A1E7A4F7556}") = "SalaryIncrease", "SalaryIncrease\SalaryIncrease.csproj", "{5F3572C6-A911-42E4-AA46-077828F9079F}"
EndProject
Project("{FAE04EC0-301F-11D3-BF4B-00C04F79EFBC}") = "Demo", "Demo\Demo.csproj", "{3118AF50-6332-4F23-8809-BC4A9E1D2CB1}"
EndProject
Global
	GlobalSection(SolutionConfigurationPlatforms) = preSolution
		Debug|Any CPU = Debug|Any CPU
		Release|Any CPU = Release|Any CPU
	EndGlobalSection
	GlobalSection(ProjectConfigurationPlatforms) = postSolution
		{96468A36-F0CA-4615-810A-17C70930CA16}.Debug|Any CPU.ActiveCfg = Debug|Any CPU
		{96468A36-F0CA-4615-810A-17C70930CA16}.Debug|Any CPU.Build.0 = Debug|Any CPU
		{96468A36-F0CA-4615-810A-17C70930CA16}.Release|Any CPU.ActiveCfg = Release|Any CPU
		{96468A36-F0CA-4615-810A-17C70930CA16}.Release|Any CPU.Build.0 = Release|Any CPU
		{3250DCBB-1C80-41F0-9495-409A77CA7984}.Debug|Any CPU.ActiveCfg = Debug|Any CPU
		{3250DCBB-1C80-41F0-9495-409A77CA7984}.Debug|Any CPU.Build.0 = Debug|Any CPU
		{3250DCBB-1C80-41F0-9495-409A77CA7984}.Release|Any CPU.ActiveCfg = Release|Any CPU
		{3250DCBB-1C80-41F0-9495-409A77CA7984}.Release|Any CPU.Build.0 = Release|Any CPU
		{5F3572C6-A911-42E4-AA46-077828F9079F}.Debug|Any CPU.ActiveCfg = Debug|Any CPU
		{5F3572C6-A911-42E4-AA46-077828F9079F}.Debug|Any CPU.Build.0 = Debug|Any CPU
		{5F3572C6-A911-42E4-AA46-077828F9079F}.Release|Any CPU.ActiveCfg = Release|Any CPU
		{5F3572C6-A911-42E4-AA46-077828F9079F}.Release|Any CPU.Build.0 = Release|Any CPU
		{3118AF50-6332-4F23-8809-BC4A9E1D2CB1}.Debug|Any CPU.ActiveCfg = Debug|Any CPU
		{3118AF50-6332-4F23-8809-BC4A9E1D2CB1}.Debug|Any CPU.Build.0 = Debug|Any CPU
		{3118AF50-6332-4F23-8809-BC4A9E1D2CB1}.Release|Any CPU.ActiveCfg = Release|Any CPU
		{3118AF50-6332-4F23-8809-BC4A9E1D2CB1}.Release|Any CPU.Build.0 = Release|Any CPU
	EndGlobalSection
	GlobalSection(SolutionProperties) = preSolution
		HideSolutionNode = FALSE
	EndGlobalSection
	GlobalSection(ExtensibilityGlobals) = postSolution
		SolutionGuid = {33DD4F6F-3EE8-4920-82AF-CDE46C209AA2}
	EndGlobalSection
EndGlobal
