
Microsoft Visual Studio Solution File, Format Version 12.00
# Visual Studio Version 17
VisualStudioVersion = 17.0.32112.339
MinimumVisualStudioVersion = 10.0.40219.1
Project("{9A19103F-16F7-4668-BE54-9A1E7A4F7556}") = "Inheritance", "Inheritance\Inheritance.csproj", "{64413EDC-847A-4751-9476-D7450611648F}"
EndProject
Project("{9A19103F-16F7-4668-BE54-9A1E7A4F7556}") = "Fauna", "Fauna\Fauna.csproj", "{4445EFBB-9B75-4FC2-81F1-E3BC17C98CC2}"
EndProject
Project("{9A19103F-16F7-4668-BE54-9A1E7A4F7556}") = "CustomRandomList", "CustomRandomList\CustomRandomList.csproj", "{AE4B6B87-8284-43BD-8AD8-4C05DDE6E506}"
EndProject
Project("{9A19103F-16F7-4668-BE54-9A1E7A4F7556}") = "CustomStack", "CustomStack\CustomStack.csproj", "{0F87822C-6F2E-4C55-8EBA-54A100ECFF0D}"
EndProject
Project("{9A19103F-16F7-4668-BE54-9A1E7A4F7556}") = "Farm", "Farm\Farm.csproj", "{A90CA906-5ED9-4FC6-BA95-FEA3906C6079}"
EndProject
Global
	GlobalSection(SolutionConfigurationPlatforms) = preSolution
		Debug|Any CPU = Debug|Any CPU
		Release|Any CPU = Release|Any CPU
	EndGlobalSection
	GlobalSection(ProjectConfigurationPlatforms) = postSolution
		{64413EDC-847A-4751-9476-D7450611648F}.Debug|Any CPU.ActiveCfg = Debug|Any CPU
		{64413EDC-847A-4751-9476-D7450611648F}.Debug|Any CPU.Build.0 = Debug|Any CPU
		{64413EDC-847A-4751-9476-D7450611648F}.Release|Any CPU.ActiveCfg = Release|Any CPU
		{64413EDC-847A-4751-9476-D7450611648F}.Release|Any CPU.Build.0 = Release|Any CPU
		{4445EFBB-9B75-4FC2-81F1-E3BC17C98CC2}.Debug|Any CPU.ActiveCfg = Debug|Any CPU
		{4445EFBB-9B75-4FC2-81F1-E3BC17C98CC2}.Debug|Any CPU.Build.0 = Debug|Any CPU
		{4445EFBB-9B75-4FC2-81F1-E3BC17C98CC2}.Release|Any CPU.ActiveCfg = Release|Any CPU
		{4445EFBB-9B75-4FC2-81F1-E3BC17C98CC2}.Release|Any CPU.Build.0 = Release|Any CPU
		{AE4B6B87-8284-43BD-8AD8-4C05DDE6E506}.Debug|Any CPU.ActiveCfg = Debug|Any CPU
		{AE4B6B87-8284-43BD-8AD8-4C05DDE6E506}.Debug|Any CPU.Build.0 = Debug|Any CPU
		{AE4B6B87-8284-43BD-8AD8-4C05DDE6E506}.Release|Any CPU.ActiveCfg = Release|Any CPU
		{AE4B6B87-8284-43BD-8AD8-4C05DDE6E506}.Release|Any CPU.Build.0 = Release|Any CPU
		{0F87822C-6F2E-4C55-8EBA-54A100ECFF0D}.Debug|Any CPU.ActiveCfg = Debug|Any CPU
		{0F87822C-6F2E-4C55-8EBA-54A100ECFF0D}.Debug|Any CPU.Build.0 = Debug|Any CPU
		{0F87822C-6F2E-4C55-8EBA-54A100ECFF0D}.Release|Any CPU.ActiveCfg = Release|Any CPU
		{0F87822C-6F2E-4C55-8EBA-54A100ECFF0D}.Release|Any CPU.Build.0 = Release|Any CPU
		{A90CA906-5ED9-4FC6-BA95-FEA3906C6079}.Debug|Any CPU.ActiveCfg = Debug|Any CPU
		{A90CA906-5ED9-4FC6-BA95-FEA3906C6079}.Debug|Any CPU.Build.0 = Debug|Any CPU
		{A90CA906-5ED9-4FC6-BA95-FEA3906C6079}.Release|Any CPU.ActiveCfg = Release|Any CPU
		{A90CA906-5ED9-4FC6-BA95-FEA3906C6079}.Release|Any CPU.Build.0 = Release|Any CPU
	EndGlobalSection
	GlobalSection(SolutionProperties) = preSolution
		HideSolutionNode = FALSE
	EndGlobalSection
	GlobalSection(ExtensibilityGlobals) = postSolution
		SolutionGuid = {C7F93B2C-A920-4292-A334-AB54308A71A6}
	EndGlobalSection
EndGlobal
