
Microsoft Visual Studio Solution File, Format Version 12.00
# Visual Studio Version 16
VisualStudioVersion = 16.0.31624.102
MinimumVisualStudioVersion = 10.0.40219.1
Project("{9A19103F-16F7-4668-BE54-9A1E7A4F7556}") = "PersonInfo", "PersonInfo\PersonInfo.csproj", "{3886224E-7178-484A-BEB6-419ECA1B5675}"
EndProject
Project("{9A19103F-16F7-4668-BE54-9A1E7A4F7556}") = "MillitaryElite", "MillitaryElite\MillitaryElite.csproj", "{DB959E0C-C3E9-4EEE-BAD6-C47D6F6ABD8F}"
EndProject
Project("{9A19103F-16F7-4668-BE54-9A1E7A4F7556}") = "BorderControl", "BorderControl\BorderControl.csproj", "{F3F48A97-59A1-4892-9B29-37ADC26CDDDE}"
EndProject
Project("{9A19103F-16F7-4668-BE54-9A1E7A4F7556}") = "Telephonie", "Telephonie\Telephonie.csproj", "{7AF57B2F-8C4B-4C5C-A8BD-6C8EB0F64FB5}"
EndProject
Project("{FAE04EC0-301F-11D3-BF4B-00C04F79EFBC}") = "CollectionHierarchie", "CollectionHierarchie\CollectionHierarchie.csproj", "{647A058A-B19C-4A4E-9899-84D6858DD771}"
EndProject
Project("{FAE04EC0-301F-11D3-BF4B-00C04F79EFBC}") = "ExplicitInterfaces", "ExplicitInterfaces\ExplicitInterfaces.csproj", "{08C75BA2-5522-44B3-B59A-39167ED686AE}"
EndProject
Global
	GlobalSection(SolutionConfigurationPlatforms) = preSolution
		Debug|Any CPU = Debug|Any CPU
		Release|Any CPU = Release|Any CPU
	EndGlobalSection
	GlobalSection(ProjectConfigurationPlatforms) = postSolution
		{3886224E-7178-484A-BEB6-419ECA1B5675}.Debug|Any CPU.ActiveCfg = Debug|Any CPU
		{3886224E-7178-484A-BEB6-419ECA1B5675}.Debug|Any CPU.Build.0 = Debug|Any CPU
		{3886224E-7178-484A-BEB6-419ECA1B5675}.Release|Any CPU.ActiveCfg = Release|Any CPU
		{3886224E-7178-484A-BEB6-419ECA1B5675}.Release|Any CPU.Build.0 = Release|Any CPU
		{DB959E0C-C3E9-4EEE-BAD6-C47D6F6ABD8F}.Debug|Any CPU.ActiveCfg = Debug|Any CPU
		{DB959E0C-C3E9-4EEE-BAD6-C47D6F6ABD8F}.Debug|Any CPU.Build.0 = Debug|Any CPU
		{DB959E0C-C3E9-4EEE-BAD6-C47D6F6ABD8F}.Release|Any CPU.ActiveCfg = Release|Any CPU
		{DB959E0C-C3E9-4EEE-BAD6-C47D6F6ABD8F}.Release|Any CPU.Build.0 = Release|Any CPU
		{F3F48A97-59A1-4892-9B29-37ADC26CDDDE}.Debug|Any CPU.ActiveCfg = Debug|Any CPU
		{F3F48A97-59A1-4892-9B29-37ADC26CDDDE}.Debug|Any CPU.Build.0 = Debug|Any CPU
		{F3F48A97-59A1-4892-9B29-37ADC26CDDDE}.Release|Any CPU.ActiveCfg = Release|Any CPU
		{F3F48A97-59A1-4892-9B29-37ADC26CDDDE}.Release|Any CPU.Build.0 = Release|Any CPU
		{7AF57B2F-8C4B-4C5C-A8BD-6C8EB0F64FB5}.Debug|Any CPU.ActiveCfg = Debug|Any CPU
		{7AF57B2F-8C4B-4C5C-A8BD-6C8EB0F64FB5}.Debug|Any CPU.Build.0 = Debug|Any CPU
		{7AF57B2F-8C4B-4C5C-A8BD-6C8EB0F64FB5}.Release|Any CPU.ActiveCfg = Release|Any CPU
		{7AF57B2F-8C4B-4C5C-A8BD-6C8EB0F64FB5}.Release|Any CPU.Build.0 = Release|Any CPU
		{647A058A-B19C-4A4E-9899-84D6858DD771}.Debug|Any CPU.ActiveCfg = Debug|Any CPU
		{647A058A-B19C-4A4E-9899-84D6858DD771}.Debug|Any CPU.Build.0 = Debug|Any CPU
		{647A058A-B19C-4A4E-9899-84D6858DD771}.Release|Any CPU.ActiveCfg = Release|Any CPU
		{647A058A-B19C-4A4E-9899-84D6858DD771}.Release|Any CPU.Build.0 = Release|Any CPU
		{08C75BA2-5522-44B3-B59A-39167ED686AE}.Debug|Any CPU.ActiveCfg = Debug|Any CPU
		{08C75BA2-5522-44B3-B59A-39167ED686AE}.Debug|Any CPU.Build.0 = Debug|Any CPU
		{08C75BA2-5522-44B3-B59A-39167ED686AE}.Release|Any CPU.ActiveCfg = Release|Any CPU
		{08C75BA2-5522-44B3-B59A-39167ED686AE}.Release|Any CPU.Build.0 = Release|Any CPU
	EndGlobalSection
	GlobalSection(SolutionProperties) = preSolution
		HideSolutionNode = FALSE
	EndGlobalSection
	GlobalSection(ExtensibilityGlobals) = postSolution
		SolutionGuid = {8425A5FD-2E50-4EA3-B70B-C90E922D8611}
	EndGlobalSection
EndGlobal
